
Microsoft Visual Studio Solution File, Format Version 12.00
# Visual Studio 15
VisualStudioVersion = 15.0.26228.9
MinimumVisualStudioVersion = 10.0.40219.1
Project("{8BC9CEB8-8B4A-11D0-8D11-00A0C91BC942}") = "Display12864", "Display12864.vcxproj", "{122DB440-CE7E-40AD-BF0F-54B8E5AB00CC}"
EndProject
Project("{8BC9CEB8-8B4A-11D0-8D11-00A0C91BC942}") = "BME280_1", "..\BME280_1\BME280_1.vcxproj", "{21DE22B3-FAFB-4CF9-BD66-04F84C2D8E01}"
EndProject
Project("{8BC9CEB8-8B4A-11D0-8D11-00A0C91BC942}") = "BEM280_16864", "..\BEM280_16864\BEM280_16864.vcxproj", "{C5F80730-F44F-4478-BDAE-6634EFC2CA88}"
EndProject
Global
	GlobalSection(SolutionConfigurationPlatforms) = preSolution
		Debug|x86 = Debug|x86
		Release|x86 = Release|x86
	EndGlobalSection
	GlobalSection(ProjectConfigurationPlatforms) = postSolution
		{122DB440-CE7E-40AD-BF0F-54B8E5AB00CC}.Debug|x86.ActiveCfg = Debug|Win32
		{122DB440-CE7E-40AD-BF0F-54B8E5AB00CC}.Debug|x86.Build.0 = Debug|Win32
		{122DB440-CE7E-40AD-BF0F-54B8E5AB00CC}.Release|x86.ActiveCfg = Release|Win32
		{122DB440-CE7E-40AD-BF0F-54B8E5AB00CC}.Release|x86.Build.0 = Release|Win32
		{21DE22B3-FAFB-4CF9-BD66-04F84C2D8E01}.Debug|x86.ActiveCfg = Debug|Win32
		{21DE22B3-FAFB-4CF9-BD66-04F84C2D8E01}.Debug|x86.Build.0 = Debug|Win32
		{21DE22B3-FAFB-4CF9-BD66-04F84C2D8E01}.Release|x86.ActiveCfg = Release|Win32
		{21DE22B3-FAFB-4CF9-BD66-04F84C2D8E01}.Release|x86.Build.0 = Release|Win32
		{C5F80730-F44F-4478-BDAE-6634EFC2CA88}.Debug|x86.ActiveCfg = Debug|Win32
		{C5F80730-F44F-4478-BDAE-6634EFC2CA88}.Debug|x86.Build.0 = Debug|Win32
		{C5F80730-F44F-4478-BDAE-6634EFC2CA88}.Release|x86.ActiveCfg = Release|Win32
		{C5F80730-F44F-4478-BDAE-6634EFC2CA88}.Release|x86.Build.0 = Release|Win32
	EndGlobalSection
	GlobalSection(SolutionProperties) = preSolution
		HideSolutionNode = FALSE
	EndGlobalSection
EndGlobal
