
Microsoft Visual Studio Solution File, Format Version 12.00
# Visual Studio 15
VisualStudioVersion = 15.0.26730.10
MinimumVisualStudioVersion = 10.0.40219.1
Project("{8BC9CEB8-8B4A-11D0-8D11-00A0C91BC942}") = "I2C_sacn", "I2C_sacn.vcxproj", "{46A05C53-EF1E-4D31-B453-F18945F6339D}"
EndProject
Global
	GlobalSection(SolutionConfigurationPlatforms) = preSolution
		Debug|x86 = Debug|x86
		Release|x86 = Release|x86
	EndGlobalSection
	GlobalSection(ProjectConfigurationPlatforms) = postSolution
		{46A05C53-EF1E-4D31-B453-F18945F6339D}.Debug|x86.ActiveCfg = Debug|Win32
		{46A05C53-EF1E-4D31-B453-F18945F6339D}.Debug|x86.Build.0 = Debug|Win32
		{46A05C53-EF1E-4D31-B453-F18945F6339D}.Release|x86.ActiveCfg = Release|Win32
		{46A05C53-EF1E-4D31-B453-F18945F6339D}.Release|x86.Build.0 = Release|Win32
	EndGlobalSection
	GlobalSection(SolutionProperties) = preSolution
		HideSolutionNode = FALSE
	EndGlobalSection
	GlobalSection(ExtensibilityGlobals) = postSolution
		SolutionGuid = {8A0E33BF-C082-445C-B0C6-178051A7234D}
	EndGlobalSection
EndGlobal
